// !$*UTF8*$!
{
	archiveVersion = 1;
	classes = {
	};
	objectVersion = 50;
	objects = {

/* Begin PBXBuildFile section */
		A93BE682234EF6340041E2AD /* models in Resources */ = {isa = PBXBuildFile; fileRef = A93BE681234EF6340041E2AD /* models */; };
		A97BB735234FAAE100B6FF83 /* experience.rcproject in Sources */ = {isa = PBXBuildFile; fileRef = A97BB734234FAAE100B6FF83 /* experience.rcproject */; };
		A97BB737235106B600B6FF83 /* MotorViewCoaching.swift in Sources */ = {isa = PBXBuildFile; fileRef = A97BB736235106B600B6FF83 /* MotorViewCoaching.swift */; };
		A97BB73B23510A8600B6FF83 /* MotorView.swift in Sources */ = {isa = PBXBuildFile; fileRef = A97BB73A23510A8600B6FF83 /* MotorView.swift */; };
		A986E332234EEC4200A71338 /* AppDelegate.swift in Sources */ = {isa = PBXBuildFile; fileRef = A986E331234EEC4200A71338 /* AppDelegate.swift */; };
		A986E334234EEC4200A71338 /* ViewController.swift in Sources */ = {isa = PBXBuildFile; fileRef = A986E333234EEC4200A71338 /* ViewController.swift */; };
		A986E339234EEC4200A71338 /* Main.storyboard in Resources */ = {isa = PBXBuildFile; fileRef = A986E337234EEC4200A71338 /* Main.storyboard */; };
		A986E33B234EEC4300A71338 /* Assets.xcassets in Resources */ = {isa = PBXBuildFile; fileRef = A986E33A234EEC4300A71338 /* Assets.xcassets */; };
		A986E33E234EEC4300A71338 /* LaunchScreen.storyboard in Resources */ = {isa = PBXBuildFile; fileRef = A986E33C234EEC4300A71338 /* LaunchScreen.storyboard */; };
		A986E349234EEC4300A71338 /* MotorTherapyTests.swift in Sources */ = {isa = PBXBuildFile; fileRef = A986E348234EEC4300A71338 /* MotorTherapyTests.swift */; };
		A986E354234EEC4300A71338 /* MotorTherapyUITests.swift in Sources */ = {isa = PBXBuildFile; fileRef = A986E353234EEC4300A71338 /* MotorTherapyUITests.swift */; };
		A986E362234EECF700A71338 /* MessageLabel.swift in Sources */ = {isa = PBXBuildFile; fileRef = A986E361234EECF700A71338 /* MessageLabel.swift */; };
		A986E364234EED2100A71338 /* Utilities.swift in Sources */ = {isa = PBXBuildFile; fileRef = A986E363234EED2100A71338 /* Utilities.swift */; };
/* End PBXBuildFile section */

/* Begin PBXContainerItemProxy section */
		A986E345234EEC4300A71338 /* PBXContainerItemProxy */ = {
			isa = PBXContainerItemProxy;
			containerPortal = A986E326234EEC4200A71338 /* Project object */;
			proxyType = 1;
			remoteGlobalIDString = A986E32D234EEC4200A71338;
			remoteInfo = MotorTherapy;
		};
		A986E350234EEC4300A71338 /* PBXContainerItemProxy */ = {
			isa = PBXContainerItemProxy;
			containerPortal = A986E326234EEC4200A71338 /* Project object */;
			proxyType = 1;
			remoteGlobalIDString = A986E32D234EEC4200A71338;
			remoteInfo = MotorTherapy;
		};
/* End PBXContainerItemProxy section */

/* Begin PBXFileReference section */
		A93BE681234EF6340041E2AD /* models */ = {isa = PBXFileReference; lastKnownFileType = folder; path = models; sourceTree = "<group>"; };
		A97BB734234FAAE100B6FF83 /* experience.rcproject */ = {isa = PBXFileReference; lastKnownFileType = file.rcproject; name = experience.rcproject; path = ../../../../../experience.rcproject; sourceTree = "<group>"; };
		A97BB736235106B600B6FF83 /* MotorViewCoaching.swift */ = {isa = PBXFileReference; lastKnownFileType = sourcecode.swift; path = MotorViewCoaching.swift; sourceTree = "<group>"; };
		A97BB73A23510A8600B6FF83 /* MotorView.swift */ = {isa = PBXFileReference; lastKnownFileType = sourcecode.swift; path = MotorView.swift; sourceTree = "<group>"; };
		A986E32E234EEC4200A71338 /* MotorTherapy.app */ = {isa = PBXFileReference; explicitFileType = wrapper.application; includeInIndex = 0; path = MotorTherapy.app; sourceTree = BUILT_PRODUCTS_DIR; };
		A986E331234EEC4200A71338 /* AppDelegate.swift */ = {isa = PBXFileReference; lastKnownFileType = sourcecode.swift; path = AppDelegate.swift; sourceTree = "<group>"; };
		A986E333234EEC4200A71338 /* ViewController.swift */ = {isa = PBXFileReference; lastKnownFileType = sourcecode.swift; path = ViewController.swift; sourceTree = "<group>"; };
		A986E338234EEC4200A71338 /* Base */ = {isa = PBXFileReference; lastKnownFileType = file.storyboard; name = Base; path = Base.lproj/Main.storyboard; sourceTree = "<group>"; };
		A986E33A234EEC4300A71338 /* Assets.xcassets */ = {isa = PBXFileReference; lastKnownFileType = folder.assetcatalog; path = Assets.xcassets; sourceTree = "<group>"; };
		A986E33D234EEC4300A71338 /* Base */ = {isa = PBXFileReference; lastKnownFileType = file.storyboard; name = Base; path = Base.lproj/LaunchScreen.storyboard; sourceTree = "<group>"; };
		A986E33F234EEC4300A71338 /* Info.plist */ = {isa = PBXFileReference; lastKnownFileType = text.plist.xml; path = Info.plist; sourceTree = "<group>"; };
		A986E344234EEC4300A71338 /* MotorTherapyTests.xctest */ = {isa = PBXFileReference; explicitFileType = wrapper.cfbundle; includeInIndex = 0; path = MotorTherapyTests.xctest; sourceTree = BUILT_PRODUCTS_DIR; };
		A986E348234EEC4300A71338 /* MotorTherapyTests.swift */ = {isa = PBXFileReference; lastKnownFileType = sourcecode.swift; path = MotorTherapyTests.swift; sourceTree = "<group>"; };
		A986E34A234EEC4300A71338 /* Info.plist */ = {isa = PBXFileReference; lastKnownFileType = text.plist.xml; path = Info.plist; sourceTree = "<group>"; };
		A986E34F234EEC4300A71338 /* MotorTherapyUITests.xctest */ = {isa = PBXFileReference; explicitFileType = wrapper.cfbundle; includeInIndex = 0; path = MotorTherapyUITests.xctest; sourceTree = BUILT_PRODUCTS_DIR; };
		A986E353234EEC4300A71338 /* MotorTherapyUITests.swift */ = {isa = PBXFileReference; lastKnownFileType = sourcecode.swift; path = MotorTherapyUITests.swift; sourceTree = "<group>"; };
		A986E355234EEC4300A71338 /* Info.plist */ = {isa = PBXFileReference; lastKnownFileType = text.plist.xml; path = Info.plist; sourceTree = "<group>"; };
		A986E361234EECF700A71338 /* MessageLabel.swift */ = {isa = PBXFileReference; lastKnownFileType = sourcecode.swift; name = MessageLabel.swift; path = "ui-elements/MessageLabel.swift"; sourceTree = "<group>"; };
		A986E363234EED2100A71338 /* Utilities.swift */ = {isa = PBXFileReference; lastKnownFileType = sourcecode.swift; path = Utilities.swift; sourceTree = "<group>"; };
/* End PBXFileReference section */

/* Begin PBXFrameworksBuildPhase section */
		A986E32B234EEC4200A71338 /* Frameworks */ = {
			isa = PBXFrameworksBuildPhase;
			buildActionMask = 2147483647;
			files = (
			);
			runOnlyForDeploymentPostprocessing = 0;
		};
		A986E341234EEC4300A71338 /* Frameworks */ = {
			isa = PBXFrameworksBuildPhase;
			buildActionMask = 2147483647;
			files = (
			);
			runOnlyForDeploymentPostprocessing = 0;
		};
		A986E34C234EEC4300A71338 /* Frameworks */ = {
			isa = PBXFrameworksBuildPhase;
			buildActionMask = 2147483647;
			files = (
			);
			runOnlyForDeploymentPostprocessing = 0;
		};
/* End PBXFrameworksBuildPhase section */

/* Begin PBXGroup section */
		A986E325234EEC4200A71338 = {
			isa = PBXGroup;
			children = (
				A986E330234EEC4200A71338 /* MotorTherapy */,
				A986E347234EEC4300A71338 /* MotorTherapyTests */,
				A986E352234EEC4300A71338 /* MotorTherapyUITests */,
				A986E32F234EEC4200A71338 /* Products */,
			);
			sourceTree = "<group>";
		};
		A986E32F234EEC4200A71338 /* Products */ = {
			isa = PBXGroup;
			children = (
				A986E32E234EEC4200A71338 /* MotorTherapy.app */,
				A986E344234EEC4300A71338 /* MotorTherapyTests.xctest */,
				A986E34F234EEC4300A71338 /* MotorTherapyUITests.xctest */,
			);
			name = Products;
			sourceTree = "<group>";
		};
		A986E330234EEC4200A71338 /* MotorTherapy */ = {
			isa = PBXGroup;
			children = (
				A97BB734234FAAE100B6FF83 /* experience.rcproject */,
				A93BE681234EF6340041E2AD /* models */,
				A986E331234EEC4200A71338 /* AppDelegate.swift */,
				A986E333234EEC4200A71338 /* ViewController.swift */,
				A986E337234EEC4200A71338 /* Main.storyboard */,
				A986E33A234EEC4300A71338 /* Assets.xcassets */,
				A986E33C234EEC4300A71338 /* LaunchScreen.storyboard */,
				A986E33F234EEC4300A71338 /* Info.plist */,
				A986E361234EECF700A71338 /* MessageLabel.swift */,
				A986E363234EED2100A71338 /* Utilities.swift */,
				A97BB736235106B600B6FF83 /* MotorViewCoaching.swift */,
				A97BB73A23510A8600B6FF83 /* MotorView.swift */,
			);
			path = MotorTherapy;
			sourceTree = "<group>";
		};
		A986E347234EEC4300A71338 /* MotorTherapyTests */ = {
			isa = PBXGroup;
			children = (
				A986E348234EEC4300A71338 /* MotorTherapyTests.swift */,
				A986E34A234EEC4300A71338 /* Info.plist */,
			);
			path = MotorTherapyTests;
			sourceTree = "<group>";
		};
		A986E352234EEC4300A71338 /* MotorTherapyUITests */ = {
			isa = PBXGroup;
			children = (
				A986E353234EEC4300A71338 /* MotorTherapyUITests.swift */,
				A986E355234EEC4300A71338 /* Info.plist */,
			);
			path = MotorTherapyUITests;
			sourceTree = "<group>";
		};
/* End PBXGroup section */

/* Begin PBXNativeTarget section */
		A986E32D234EEC4200A71338 /* MotorTherapy */ = {
			isa = PBXNativeTarget;
			buildConfigurationList = A986E358234EEC4300A71338 /* Build configuration list for PBXNativeTarget "MotorTherapy" */;
			buildPhases = (
				A986E32A234EEC4200A71338 /* Sources */,
				A986E32B234EEC4200A71338 /* Frameworks */,
				A986E32C234EEC4200A71338 /* Resources */,
			);
			buildRules = (
			);
			dependencies = (
			);
			name = MotorTherapy;
			productName = MotorTherapy;
			productReference = A986E32E234EEC4200A71338 /* MotorTherapy.app */;
			productType = "com.apple.product-type.application";
		};
		A986E343234EEC4300A71338 /* MotorTherapyTests */ = {
			isa = PBXNativeTarget;
			buildConfigurationList = A986E35B234EEC4300A71338 /* Build configuration list for PBXNativeTarget "MotorTherapyTests" */;
			buildPhases = (
				A986E340234EEC4300A71338 /* Sources */,
				A986E341234EEC4300A71338 /* Frameworks */,
				A986E342234EEC4300A71338 /* Resources */,
			);
			buildRules = (
			);
			dependencies = (
				A986E346234EEC4300A71338 /* PBXTargetDependency */,
			);
			name = MotorTherapyTests;
			productName = MotorTherapyTests;
			productReference = A986E344234EEC4300A71338 /* MotorTherapyTests.xctest */;
			productType = "com.apple.product-type.bundle.unit-test";
		};
		A986E34E234EEC4300A71338 /* MotorTherapyUITests */ = {
			isa = PBXNativeTarget;
			buildConfigurationList = A986E35E234EEC4300A71338 /* Build configuration list for PBXNativeTarget "MotorTherapyUITests" */;
			buildPhases = (
				A986E34B234EEC4300A71338 /* Sources */,
				A986E34C234EEC4300A71338 /* Frameworks */,
				A986E34D234EEC4300A71338 /* Resources */,
			);
			buildRules = (
			);
			dependencies = (
				A986E351234EEC4300A71338 /* PBXTargetDependency */,
			);
			name = MotorTherapyUITests;
			productName = MotorTherapyUITests;
			productReference = A986E34F234EEC4300A71338 /* MotorTherapyUITests.xctest */;
			productType = "com.apple.product-type.bundle.ui-testing";
		};
/* End PBXNativeTarget section */

/* Begin PBXProject section */
		A986E326234EEC4200A71338 /* Project object */ = {
			isa = PBXProject;
			attributes = {
				LastSwiftUpdateCheck = 1120;
				LastUpgradeCheck = 1120;
				ORGANIZATIONNAME = Schlafenhase;
				TargetAttributes = {
					A986E32D234EEC4200A71338 = {
						CreatedOnToolsVersion = 11.2;
					};
					A986E343234EEC4300A71338 = {
						CreatedOnToolsVersion = 11.2;
						TestTargetID = A986E32D234EEC4200A71338;
					};
					A986E34E234EEC4300A71338 = {
						CreatedOnToolsVersion = 11.2;
						TestTargetID = A986E32D234EEC4200A71338;
					};
				};
			};
			buildConfigurationList = A986E329234EEC4200A71338 /* Build configuration list for PBXProject "MotorTherapy" */;
			compatibilityVersion = "Xcode 9.3";
			developmentRegion = en;
			hasScannedForEncodings = 0;
			knownRegions = (
				en,
				Base,
			);
			mainGroup = A986E325234EEC4200A71338;
			productRefGroup = A986E32F234EEC4200A71338 /* Products */;
			projectDirPath = "";
			projectRoot = "";
			targets = (
				A986E32D234EEC4200A71338 /* MotorTherapy */,
				A986E343234EEC4300A71338 /* MotorTherapyTests */,
				A986E34E234EEC4300A71338 /* MotorTherapyUITests */,
			);
		};
/* End PBXProject section */

/* Begin PBXResourcesBuildPhase section */
		A986E32C234EEC4200A71338 /* Resources */ = {
			isa = PBXResourcesBuildPhase;
			buildActionMask = 2147483647;
			files = (
				A93BE682234EF6340041E2AD /* models in Resources */,
				A986E33E234EEC4300A71338 /* LaunchScreen.storyboard in Resources */,
				A986E33B234EEC4300A71338 /* Assets.xcassets in Resources */,
				A986E339234EEC4200A71338 /* Main.storyboard in Resources */,
			);
			runOnlyForDeploymentPostprocessing = 0;
		};
		A986E342234EEC4300A71338 /* Resources */ = {
			isa = PBXResourcesBuildPhase;
			buildActionMask = 2147483647;
			files = (
			);
			runOnlyForDeploymentPostprocessing = 0;
		};
		A986E34D234EEC4300A71338 /* Resources */ = {
			isa = PBXResourcesBuildPhase;
			buildActionMask = 2147483647;
			files = (
			);
			runOnlyForDeploymentPostprocessing = 0;
		};
/* End PBXResourcesBuildPhase section */

/* Begin PBXSourcesBuildPhase section */
		A986E32A234EEC4200A71338 /* Sources */ = {
			isa = PBXSourcesBuildPhase;
			buildActionMask = 2147483647;
			files = (
				A986E334234EEC4200A71338 /* ViewController.swift in Sources */,
				A97BB73B23510A8600B6FF83 /* MotorView.swift in Sources */,
				A97BB735234FAAE100B6FF83 /* experience.rcproject in Sources */,
				A986E332234EEC4200A71338 /* AppDelegate.swift in Sources */,
				A97BB737235106B600B6FF83 /* MotorViewCoaching.swift in Sources */,
				A986E362234EECF700A71338 /* MessageLabel.swift in Sources */,
				A986E364234EED2100A71338 /* Utilities.swift in Sources */,
			);
			runOnlyForDeploymentPostprocessing = 0;
		};
		A986E340234EEC4300A71338 /* Sources */ = {
			isa = PBXSourcesBuildPhase;
			buildActionMask = 2147483647;
			files = (
				A986E349234EEC4300A71338 /* MotorTherapyTests.swift in Sources */,
			);
			runOnlyForDeploymentPostprocessing = 0;
		};
		A986E34B234EEC4300A71338 /* Sources */ = {
			isa = PBXSourcesBuildPhase;
			buildActionMask = 2147483647;
			files = (
				A986E354234EEC4300A71338 /* MotorTherapyUITests.swift in Sources */,
			);
			runOnlyForDeploymentPostprocessing = 0;
		};
/* End PBXSourcesBuildPhase section */

/* Begin PBXTargetDependency section */
		A986E346234EEC4300A71338 /* PBXTargetDependency */ = {
			isa = PBXTargetDependency;
			target = A986E32D234EEC4200A71338 /* MotorTherapy */;
			targetProxy = A986E345234EEC4300A71338 /* PBXContainerItemProxy */;
		};
		A986E351234EEC4300A71338 /* PBXTargetDependency */ = {
			isa = PBXTargetDependency;
			target = A986E32D234EEC4200A71338 /* MotorTherapy */;
			targetProxy = A986E350234EEC4300A71338 /* PBXContainerItemProxy */;
		};
/* End PBXTargetDependency section */

/* Begin PBXVariantGroup section */
		A986E337234EEC4200A71338 /* Main.storyboard */ = {
			isa = PBXVariantGroup;
			children = (
				A986E338234EEC4200A71338 /* Base */,
			);
			name = Main.storyboard;
			sourceTree = "<group>";
		};
		A986E33C234EEC4300A71338 /* LaunchScreen.storyboard */ = {
			isa = PBXVariantGroup;
			children = (
				A986E33D234EEC4300A71338 /* Base */,
			);
			name = LaunchScreen.storyboard;
			sourceTree = "<group>";
		};
/* End PBXVariantGroup section */

/* Begin XCBuildConfiguration section */
		A986E356234EEC4300A71338 /* Debug */ = {
			isa = XCBuildConfiguration;
			buildSettings = {
				ALWAYS_SEARCH_USER_PATHS = NO;
				CLANG_ANALYZER_NONNULL = YES;
				CLANG_ANALYZER_NUMBER_OBJECT_CONVERSION = YES_AGGRESSIVE;
				CLANG_CXX_LANGUAGE_STANDARD = "gnu++14";
				CLANG_CXX_LIBRARY = "libc++";
				CLANG_ENABLE_MODULES = YES;
				CLANG_ENABLE_OBJC_ARC = YES;
				CLANG_ENABLE_OBJC_WEAK = YES;
				CLANG_WARN_BLOCK_CAPTURE_AUTORELEASING = YES;
				CLANG_WARN_BOOL_CONVERSION = YES;
				CLANG_WARN_COMMA = YES;
				CLANG_WARN_CONSTANT_CONVERSION = YES;
				CLANG_WARN_DEPRECATED_OBJC_IMPLEMENTATIONS = YES;
				CLANG_WARN_DIRECT_OBJC_ISA_USAGE = YES_ERROR;
				CLANG_WARN_DOCUMENTATION_COMMENTS = YES;
				CLANG_WARN_EMPTY_BODY = YES;
				CLANG_WARN_ENUM_CONVERSION = YES;
				CLANG_WARN_INFINITE_RECURSION = YES;
				CLANG_WARN_INT_CONVERSION = YES;
				CLANG_WARN_NON_LITERAL_NULL_CONVERSION = YES;
				CLANG_WARN_OBJC_IMPLICIT_RETAIN_SELF = YES;
				CLANG_WARN_OBJC_LITERAL_CONVERSION = YES;
				CLANG_WARN_OBJC_ROOT_CLASS = YES_ERROR;
				CLANG_WARN_RANGE_LOOP_ANALYSIS = YES;
				CLANG_WARN_STRICT_PROTOTYPES = YES;
				CLANG_WARN_SUSPICIOUS_MOVE = YES;
				CLANG_WARN_UNGUARDED_AVAILABILITY = YES_AGGRESSIVE;
				CLANG_WARN_UNREACHABLE_CODE = YES;
				CLANG_WARN__DUPLICATE_METHOD_MATCH = YES;
				COPY_PHASE_STRIP = NO;
				DEBUG_INFORMATION_FORMAT = dwarf;
				ENABLE_STRICT_OBJC_MSGSEND = YES;
				ENABLE_TESTABILITY = YES;
				GCC_C_LANGUAGE_STANDARD = gnu11;
				GCC_DYNAMIC_NO_PIC = NO;
				GCC_NO_COMMON_BLOCKS = YES;
				GCC_OPTIMIZATION_LEVEL = 0;
				GCC_PREPROCESSOR_DEFINITIONS = (
					"DEBUG=1",
					"$(inherited)",
				);
				GCC_WARN_64_TO_32_BIT_CONVERSION = YES;
				GCC_WARN_ABOUT_RETURN_TYPE = YES_ERROR;
				GCC_WARN_UNDECLARED_SELECTOR = YES;
				GCC_WARN_UNINITIALIZED_AUTOS = YES_AGGRESSIVE;
				GCC_WARN_UNUSED_FUNCTION = YES;
				GCC_WARN_UNUSED_VARIABLE = YES;
				IPHONEOS_DEPLOYMENT_TARGET = 13.2;
				MTL_ENABLE_DEBUG_INFO = INCLUDE_SOURCE;
				MTL_FAST_MATH = YES;
				ONLY_ACTIVE_ARCH = YES;
				SDKROOT = iphoneos;
				SWIFT_ACTIVE_COMPILATION_CONDITIONS = DEBUG;
				SWIFT_OPTIMIZATION_LEVEL = "-Onone";
			};
			name = Debug;
		};
		A986E357234EEC4300A71338 /* Release */ = {
			isa = XCBuildConfiguration;
			buildSettings = {
				ALWAYS_SEARCH_USER_PATHS = NO;
				CLANG_ANALYZER_NONNULL = YES;
				CLANG_ANALYZER_NUMBER_OBJECT_CONVERSION = YES_AGGRESSIVE;
				CLANG_CXX_LANGUAGE_STANDARD = "gnu++14";
				CLANG_CXX_LIBRARY = "libc++";
				CLANG_ENABLE_MODULES = YES;
				CLANG_ENABLE_OBJC_ARC = YES;
				CLANG_ENABLE_OBJC_WEAK = YES;
				CLANG_WARN_BLOCK_CAPTURE_AUTORELEASING = YES;
				CLANG_WARN_BOOL_CONVERSION = YES;
				CLANG_WARN_COMMA = YES;
				CLANG_WARN_CONSTANT_CONVERSION = YES;
				CLANG_WARN_DEPRECATED_OBJC_IMPLEMENTATIONS = YES;
				CLANG_WARN_DIRECT_OBJC_ISA_USAGE = YES_ERROR;
				CLANG_WARN_DOCUMENTATION_COMMENTS = YES;
				CLANG_WARN_EMPTY_BODY = YES;
				CLANG_WARN_ENUM_CONVERSION = YES;
				CLANG_WARN_INFINITE_RECURSION = YES;
				CLANG_WARN_INT_CONVERSION = YES;
				CLANG_WARN_NON_LITERAL_NULL_CONVERSION = YES;
				CLANG_WARN_OBJC_IMPLICIT_RETAIN_SELF = YES;
				CLANG_WARN_OBJC_LITERAL_CONVERSION = YES;
				CLANG_WARN_OBJC_ROOT_CLASS = YES_ERROR;
				CLANG_WARN_RANGE_LOOP_ANALYSIS = YES;
				CLANG_WARN_STRICT_PROTOTYPES = YES;
				CLANG_WARN_SUSPICIOUS_MOVE = YES;
				CLANG_WARN_UNGUARDED_AVAILABILITY = YES_AGGRESSIVE;
				CLANG_WARN_UNREACHABLE_CODE = YES;
				CLANG_WARN__DUPLICATE_METHOD_MATCH = YES;
				COPY_PHASE_STRIP = NO;
				DEBUG_INFORMATION_FORMAT = "dwarf-with-dsym";
				ENABLE_NS_ASSERTIONS = NO;
				ENABLE_STRICT_OBJC_MSGSEND = YES;
				GCC_C_LANGUAGE_STANDARD = gnu11;
				GCC_NO_COMMON_BLOCKS = YES;
				GCC_WARN_64_TO_32_BIT_CONVERSION = YES;
				GCC_WARN_ABOUT_RETURN_TYPE = YES_ERROR;
				GCC_WARN_UNDECLARED_SELECTOR = YES;
				GCC_WARN_UNINITIALIZED_AUTOS = YES_AGGRESSIVE;
				GCC_WARN_UNUSED_FUNCTION = YES;
				GCC_WARN_UNUSED_VARIABLE = YES;
				IPHONEOS_DEPLOYMENT_TARGET = 13.2;
				MTL_ENABLE_DEBUG_INFO = NO;
				MTL_FAST_MATH = YES;
				SDKROOT = iphoneos;
				SWIFT_COMPILATION_MODE = wholemodule;
				SWIFT_OPTIMIZATION_LEVEL = "-O";
				VALIDATE_PRODUCT = YES;
			};
			name = Release;
		};
		A986E359234EEC4300A71338 /* Debug */ = {
			isa = XCBuildConfiguration;
			buildSettings = {
				ASSETCATALOG_COMPILER_APPICON_NAME = AppIcon;
				CODE_SIGN_STYLE = Automatic;
				DEVELOPMENT_TEAM = 6UU452CNJ4;
				INFOPLIST_FILE = MotorTherapy/Info.plist;
				LD_RUNPATH_SEARCH_PATHS = (
					"$(inherited)",
					"@executable_path/Frameworks",
				);
				PRODUCT_BUNDLE_IDENTIFIER = com.greenteamcr.ARTest;
				PRODUCT_NAME = "$(TARGET_NAME)";
				SWIFT_VERSION = 5.0;
				TARGETED_DEVICE_FAMILY = "1,2";
			};
			name = Debug;
		};
		A986E35A234EEC4300A71338 /* Release */ = {
			isa = XCBuildConfiguration;
			buildSettings = {
				ASSETCATALOG_COMPILER_APPICON_NAME = AppIcon;
				CODE_SIGN_STYLE = Automatic;
				DEVELOPMENT_TEAM = 6UU452CNJ4;
				INFOPLIST_FILE = MotorTherapy/Info.plist;
				LD_RUNPATH_SEARCH_PATHS = (
					"$(inherited)",
					"@executable_path/Frameworks",
				);
				PRODUCT_BUNDLE_IDENTIFIER = com.greenteamcr.ARTest;
				PRODUCT_NAME = "$(TARGET_NAME)";
				SWIFT_VERSION = 5.0;
				TARGETED_DEVICE_FAMILY = "1,2";
			};
			name = Release;
		};
		A986E35C234EEC4300A71338 /* Debug */ = {
			isa = XCBuildConfiguration;
			buildSettings = {
				ALWAYS_EMBED_SWIFT_STANDARD_LIBRARIES = YES;
				BUNDLE_LOADER = "$(TEST_HOST)";
				CODE_SIGN_STYLE = Automatic;
				DEVELOPMENT_TEAM = 6UU452CNJ4;
				INFOPLIST_FILE = MotorTherapyTests/Info.plist;
				IPHONEOS_DEPLOYMENT_TARGET = 13.2;
				LD_RUNPATH_SEARCH_PATHS = (
					"$(inherited)",
					"@executable_path/Frameworks",
					"@loader_path/Frameworks",
				);
				PRODUCT_BUNDLE_IDENTIFIER = com.schlafenhase.MotorTherapyTests;
				PRODUCT_NAME = "$(TARGET_NAME)";
				SWIFT_VERSION = 5.0;
				TARGETED_DEVICE_FAMILY = "1,2";
				TEST_HOST = "$(BUILT_PRODUCTS_DIR)/MotorTherapy.app/MotorTherapy";
			};
			name = Debug;
		};
		A986E35D234EEC4300A71338 /* Release */ = {
			isa = XCBuildConfiguration;
			buildSettings = {
				ALWAYS_EMBED_SWIFT_STANDARD_LIBRARIES = YES;
				BUNDLE_LOADER = "$(TEST_HOST)";
				CODE_SIGN_STYLE = Automatic;
				DEVELOPMENT_TEAM = 6UU452CNJ4;
				INFOPLIST_FILE = MotorTherapyTests/Info.plist;
				IPHONEOS_DEPLOYMENT_TARGET = 13.2;
				LD_RUNPATH_SEARCH_PATHS = (
					"$(inherited)",
					"@executable_path/Frameworks",
					"@loader_path/Frameworks",
				);
				PRODUCT_BUNDLE_IDENTIFIER = com.schlafenhase.MotorTherapyTests;
				PRODUCT_NAME = "$(TARGET_NAME)";
				SWIFT_VERSION = 5.0;
				TARGETED_DEVICE_FAMILY = "1,2";
				TEST_HOST = "$(BUILT_PRODUCTS_DIR)/MotorTherapy.app/MotorTherapy";
			};
			name = Release;
		};
		A986E35F234EEC4300A71338 /* Debug */ = {
			isa = XCBuildConfiguration;
			buildSettings = {
				ALWAYS_EMBED_SWIFT_STANDARD_LIBRARIES = YES;
				CODE_SIGN_STYLE = Automatic;
				DEVELOPMENT_TEAM = 6UU452CNJ4;
				INFOPLIST_FILE = MotorTherapyUITests/Info.plist;
				LD_RUNPATH_SEARCH_PATHS = (
					"$(inherited)",
					"@executable_path/Frameworks",
					"@loader_path/Frameworks",
				);
				PRODUCT_BUNDLE_IDENTIFIER = com.schlafenhase.MotorTherapyUITests;
				PRODUCT_NAME = "$(TARGET_NAME)";
				SWIFT_VERSION = 5.0;
				TARGETED_DEVICE_FAMILY = "1,2";
				TEST_TARGET_NAME = MotorTherapy;
			};
			name = Debug;
		};
		A986E360234EEC4300A71338 /* Release */ = {
			isa = XCBuildConfiguration;
			buildSettings = {
				ALWAYS_EMBED_SWIFT_STANDARD_LIBRARIES = YES;
				CODE_SIGN_STYLE = Automatic;
				DEVELOPMENT_TEAM = 6UU452CNJ4;
				INFOPLIST_FILE = MotorTherapyUITests/Info.plist;
				LD_RUNPATH_SEARCH_PATHS = (
					"$(inherited)",
					"@executable_path/Frameworks",
					"@loader_path/Frameworks",
				);
				PRODUCT_BUNDLE_IDENTIFIER = com.schlafenhase.MotorTherapyUITests;
				PRODUCT_NAME = "$(TARGET_NAME)";
				SWIFT_VERSION = 5.0;
				TARGETED_DEVICE_FAMILY = "1,2";
				TEST_TARGET_NAME = MotorTherapy;
			};
			name = Release;
		};
/* End XCBuildConfiguration section */

/* Begin XCConfigurationList section */
		A986E329234EEC4200A71338 /* Build configuration list for PBXProject "MotorTherapy" */ = {
			isa = XCConfigurationList;
			buildConfigurations = (
				A986E356234EEC4300A71338 /* Debug */,
				A986E357234EEC4300A71338 /* Release */,
			);
			defaultConfigurationIsVisible = 0;
			defaultConfigurationName = Release;
		};
		A986E358234EEC4300A71338 /* Build configuration list for PBXNativeTarget "MotorTherapy" */ = {
			isa = XCConfigurationList;
			buildConfigurations = (
				A986E359234EEC4300A71338 /* Debug */,
				A986E35A234EEC4300A71338 /* Release */,
			);
			defaultConfigurationIsVisible = 0;
			defaultConfigurationName = Release;
		};
		A986E35B234EEC4300A71338 /* Build configuration list for PBXNativeTarget "MotorTherapyTests" */ = {
			isa = XCConfigurationList;
			buildConfigurations = (
				A986E35C234EEC4300A71338 /* Debug */,
				A986E35D234EEC4300A71338 /* Release */,
			);
			defaultConfigurationIsVisible = 0;
			defaultConfigurationName = Release;
		};
		A986E35E234EEC4300A71338 /* Build configuration list for PBXNativeTarget "MotorTherapyUITests" */ = {
			isa = XCConfigurationList;
			buildConfigurations = (
				A986E35F234EEC4300A71338 /* Debug */,
				A986E360234EEC4300A71338 /* Release */,
			);
			defaultConfigurationIsVisible = 0;
			defaultConfigurationName = Release;
		};
/* End XCConfigurationList section */
	};
	rootObject = A986E326234EEC4200A71338 /* Project object */;
}
